
Microsoft Visual Studio Solution File, Format Version 12.00
# Visual Studio 15
VisualStudioVersion = 15.0.27130.2036
MinimumVisualStudioVersion = 10.0.40219.1
Project("{FAE04EC0-301F-11D3-BF4B-00C04F79EFBC}") = "SEN.WebUI", "SEN.WebUI\SEN.WebUI.csproj", "{6503F39A-3DFA-4CE1-95FB-B83FF7DDBAE6}"
EndProject
Project("{FAE04EC0-301F-11D3-BF4B-00C04F79EFBC}") = "SEN.Entities", "SEN.Entities\SEN.Entities.csproj", "{DF43C105-7059-4010-8135-5DFE37E3DC4E}"
EndProject
Project("{2150E333-8FDC-42A3-9474-1A3956D46DE8}") = ".nuget", ".nuget", "{7DCCB6DD-1C08-4A1D-A55D-077CE95FB36A}"
	ProjectSection(SolutionItems) = preProject
		.nuget\NuGet.Config = .nuget\NuGet.Config
		.nuget\NuGet.exe = .nuget\NuGet.exe
		.nuget\NuGet.targets = .nuget\NuGet.targets
	EndProjectSection
EndProject
Project("{FAE04EC0-301F-11D3-BF4B-00C04F79EFBC}") = "SEN.Data", "SEN.Data\SEN.Data.csproj", "{75982DF7-13D5-42CC-B131-816EC9F7E6C3}"
EndProject
Project("{FAE04EC0-301F-11D3-BF4B-00C04F79EFBC}") = "SEN.Service", "SEN.Service\SEN.Service.csproj", "{402C7EFA-C758-4EEE-8C98-92584CDE717F}"
EndProject
Global
	GlobalSection(SolutionConfigurationPlatforms) = preSolution
		Debug|Any CPU = Debug|Any CPU
		Release|Any CPU = Release|Any CPU
	EndGlobalSection
	GlobalSection(ProjectConfigurationPlatforms) = postSolution
		{6503F39A-3DFA-4CE1-95FB-B83FF7DDBAE6}.Debug|Any CPU.ActiveCfg = Debug|Any CPU
		{6503F39A-3DFA-4CE1-95FB-B83FF7DDBAE6}.Debug|Any CPU.Build.0 = Debug|Any CPU
		{6503F39A-3DFA-4CE1-95FB-B83FF7DDBAE6}.Release|Any CPU.ActiveCfg = Release|Any CPU
		{6503F39A-3DFA-4CE1-95FB-B83FF7DDBAE6}.Release|Any CPU.Build.0 = Release|Any CPU
		{DF43C105-7059-4010-8135-5DFE37E3DC4E}.Debug|Any CPU.ActiveCfg = Debug|Any CPU
		{DF43C105-7059-4010-8135-5DFE37E3DC4E}.Debug|Any CPU.Build.0 = Debug|Any CPU
		{DF43C105-7059-4010-8135-5DFE37E3DC4E}.Release|Any CPU.ActiveCfg = Release|Any CPU
		{DF43C105-7059-4010-8135-5DFE37E3DC4E}.Release|Any CPU.Build.0 = Release|Any CPU
		{75982DF7-13D5-42CC-B131-816EC9F7E6C3}.Debug|Any CPU.ActiveCfg = Debug|Any CPU
		{75982DF7-13D5-42CC-B131-816EC9F7E6C3}.Debug|Any CPU.Build.0 = Debug|Any CPU
		{75982DF7-13D5-42CC-B131-816EC9F7E6C3}.Release|Any CPU.ActiveCfg = Release|Any CPU
		{75982DF7-13D5-42CC-B131-816EC9F7E6C3}.Release|Any CPU.Build.0 = Release|Any CPU
		{402C7EFA-C758-4EEE-8C98-92584CDE717F}.Debug|Any CPU.ActiveCfg = Debug|Any CPU
		{402C7EFA-C758-4EEE-8C98-92584CDE717F}.Debug|Any CPU.Build.0 = Debug|Any CPU
		{402C7EFA-C758-4EEE-8C98-92584CDE717F}.Release|Any CPU.ActiveCfg = Release|Any CPU
		{402C7EFA-C758-4EEE-8C98-92584CDE717F}.Release|Any CPU.Build.0 = Release|Any CPU
	EndGlobalSection
	GlobalSection(SolutionProperties) = preSolution
		HideSolutionNode = FALSE
	EndGlobalSection
	GlobalSection(ExtensibilityGlobals) = postSolution
		SolutionGuid = {739BC187-2EB4-44B3-A074-BFDA3A09D654}
	EndGlobalSection
EndGlobal
